
Microsoft Visual Studio Solution File, Format Version 12.00
# Visual Studio Version 17
VisualStudioVersion = 17.7.34024.191
MinimumVisualStudioVersion = 10.0.40219.1
Project("{FAE04EC0-301F-11D3-BF4B-00C04F79EFBC}") = "Decorator-1125", "Decorator-1125.csproj", "{985C545A-294E-4457-B4CD-F9B7C7FE6877}"
EndProject
Global
	GlobalSection(SolutionConfigurationPlatforms) = preSolution
		Debug|Any CPU = Debug|Any CPU
		Release|Any CPU = Release|Any CPU
	EndGlobalSection
	GlobalSection(ProjectConfigurationPlatforms) = postSolution
		{985C545A-294E-4457-B4CD-F9B7C7FE6877}.Debug|Any CPU.ActiveCfg = Debug|Any CPU
		{985C545A-294E-4457-B4CD-F9B7C7FE6877}.Debug|Any CPU.Build.0 = Debug|Any CPU
		{985C545A-294E-4457-B4CD-F9B7C7FE6877}.Release|Any CPU.ActiveCfg = Release|Any CPU
		{985C545A-294E-4457-B4CD-F9B7C7FE6877}.Release|Any CPU.Build.0 = Release|Any CPU
	EndGlobalSection
	GlobalSection(SolutionProperties) = preSolution
		HideSolutionNode = FALSE
	EndGlobalSection
	GlobalSection(ExtensibilityGlobals) = postSolution
		SolutionGuid = {91A10F00-5594-4D6F-A994-7A443E29AD29}
	EndGlobalSection
EndGlobal
